{
  "name": "cachito-npm-with-optional-deps",
  "version": "1.0.0",
  "lockfileVersion": 1,
  "requires": true,
  "dependencies": {
    "npm-test-project": {
      "version": "git+https://gitlab.com/eakhmano-test-group/eakhmano-test-subgroup/subsubgroup/npm-test-project.git#88114c48d7d894f7e2306adf06137b096e9cdf29",
      "from": "git+https://gitlab.com/eakhmano-test-group/eakhmano-test-subgroup/subsubgroup/npm-test-project.git",
      "optional": true
    }
  }
}
