{
  "name": "cachito-npm-with-optional-deps",
  "version": "1.0.0",
  "lockfileVersion": 1,
  "requires": true,
  "dependencies": {
    "cachito-npm-without-deps": {
      "version": "git+https://github.com/cachito-testing/cachito-npm-without-deps.git#2f0ce1d7b1f8b35572d919428b965285a69583f6",
      "from": "git+https://github.com/cachito-testing/cachito-npm-without-deps.git",
      "optional": true
    }
  }
}
